
Microsoft Visual Studio Solution File, Format Version 12.00
# Visual Studio 15
VisualStudioVersion = 15.0.27625.0
MinimumVisualStudioVersion = 10.0.40219.1
Project("{9A19103F-16F7-4668-BE54-9A1E7A4F7556}") = "WeatherLookup", "WeatherLookup\WeatherLookup.csproj", "{BB1BC0DD-974A-4EFC-B1B4-C73A6A295DD7}"
EndProject
Project("{9A19103F-16F7-4668-BE54-9A1E7A4F7556}") = "WeatherLookup.Query", "WeatherLookup.Query\WeatherLookup.Query.csproj", "{490A9CAD-76A2-425B-A9A1-B28A59AC1E96}"
EndProject
Global
	GlobalSection(SolutionConfigurationPlatforms) = preSolution
		Debug|Any CPU = Debug|Any CPU
		Release|Any CPU = Release|Any CPU
	EndGlobalSection
	GlobalSection(ProjectConfigurationPlatforms) = postSolution
		{BB1BC0DD-974A-4EFC-B1B4-C73A6A295DD7}.Debug|Any CPU.ActiveCfg = Debug|Any CPU
		{BB1BC0DD-974A-4EFC-B1B4-C73A6A295DD7}.Debug|Any CPU.Build.0 = Debug|Any CPU
		{BB1BC0DD-974A-4EFC-B1B4-C73A6A295DD7}.Release|Any CPU.ActiveCfg = Release|Any CPU
		{BB1BC0DD-974A-4EFC-B1B4-C73A6A295DD7}.Release|Any CPU.Build.0 = Release|Any CPU
		{490A9CAD-76A2-425B-A9A1-B28A59AC1E96}.Debug|Any CPU.ActiveCfg = Debug|Any CPU
		{490A9CAD-76A2-425B-A9A1-B28A59AC1E96}.Debug|Any CPU.Build.0 = Debug|Any CPU
		{490A9CAD-76A2-425B-A9A1-B28A59AC1E96}.Release|Any CPU.ActiveCfg = Release|Any CPU
		{490A9CAD-76A2-425B-A9A1-B28A59AC1E96}.Release|Any CPU.Build.0 = Release|Any CPU
	EndGlobalSection
	GlobalSection(SolutionProperties) = preSolution
		HideSolutionNode = FALSE
	EndGlobalSection
	GlobalSection(ExtensibilityGlobals) = postSolution
		SolutionGuid = {B0D55E23-D16A-4086-A1B5-DCA8776B21D4}
	EndGlobalSection
EndGlobal
